
Microsoft Visual Studio Solution File, Format Version 12.00
# Visual Studio 15
VisualStudioVersion = 15.0.26730.15
MinimumVisualStudioVersion = 10.0.40219.1
Project("{9A19103F-16F7-4668-BE54-9A1E7A4F7556}") = "XamHelper", "XamHelper\XamHelper.csproj", "{0CF76513-DAC6-482B-B3D3-8C335B71C720}"
EndProject
Project("{9A19103F-16F7-4668-BE54-9A1E7A4F7556}") = "XamHelper.Tests", "XamHelper.Tests\XamHelper.Tests.csproj", "{F00142C9-73A8-466A-9298-7630128E9476}"
EndProject
Project("{2150E333-8FDC-42A3-9474-1A3956D46DE8}") = "Sample", "Sample", "{F3F98AC6-1901-407B-9FA3-B0E91AE6FA59}"
EndProject
Global
	GlobalSection(SolutionConfigurationPlatforms) = preSolution
		Ad-Hoc|Any CPU = Ad-Hoc|Any CPU
		Ad-Hoc|ARM = Ad-Hoc|ARM
		Ad-Hoc|iPhone = Ad-Hoc|iPhone
		Ad-Hoc|iPhoneSimulator = Ad-Hoc|iPhoneSimulator
		Ad-Hoc|x64 = Ad-Hoc|x64
		Ad-Hoc|x86 = Ad-Hoc|x86
		AppStore|Any CPU = AppStore|Any CPU
		AppStore|ARM = AppStore|ARM
		AppStore|iPhone = AppStore|iPhone
		AppStore|iPhoneSimulator = AppStore|iPhoneSimulator
		AppStore|x64 = AppStore|x64
		AppStore|x86 = AppStore|x86
		Debug|Any CPU = Debug|Any CPU
		Debug|ARM = Debug|ARM
		Debug|iPhone = Debug|iPhone
		Debug|iPhoneSimulator = Debug|iPhoneSimulator
		Debug|x64 = Debug|x64
		Debug|x86 = Debug|x86
		Release|Any CPU = Release|Any CPU
		Release|ARM = Release|ARM
		Release|iPhone = Release|iPhone
		Release|iPhoneSimulator = Release|iPhoneSimulator
		Release|x64 = Release|x64
		Release|x86 = Release|x86
	EndGlobalSection
	GlobalSection(ProjectConfigurationPlatforms) = postSolution
		{0CF76513-DAC6-482B-B3D3-8C335B71C720}.Ad-Hoc|Any CPU.ActiveCfg = Release|Any CPU
		{0CF76513-DAC6-482B-B3D3-8C335B71C720}.Ad-Hoc|Any CPU.Build.0 = Release|Any CPU
		{0CF76513-DAC6-482B-B3D3-8C335B71C720}.Ad-Hoc|ARM.ActiveCfg = Debug|Any CPU
		{0CF76513-DAC6-482B-B3D3-8C335B71C720}.Ad-Hoc|ARM.Build.0 = Debug|Any CPU
		{0CF76513-DAC6-482B-B3D3-8C335B71C720}.Ad-Hoc|iPhone.ActiveCfg = Release|Any CPU
		{0CF76513-DAC6-482B-B3D3-8C335B71C720}.Ad-Hoc|iPhone.Build.0 = Release|Any CPU
		{0CF76513-DAC6-482B-B3D3-8C335B71C720}.Ad-Hoc|iPhoneSimulator.ActiveCfg = Release|Any CPU
		{0CF76513-DAC6-482B-B3D3-8C335B71C720}.Ad-Hoc|iPhoneSimulator.Build.0 = Release|Any CPU
		{0CF76513-DAC6-482B-B3D3-8C335B71C720}.Ad-Hoc|x64.ActiveCfg = Debug|Any CPU
		{0CF76513-DAC6-482B-B3D3-8C335B71C720}.Ad-Hoc|x64.Build.0 = Debug|Any CPU
		{0CF76513-DAC6-482B-B3D3-8C335B71C720}.Ad-Hoc|x86.ActiveCfg = Debug|Any CPU
		{0CF76513-DAC6-482B-B3D3-8C335B71C720}.Ad-Hoc|x86.Build.0 = Debug|Any CPU
		{0CF76513-DAC6-482B-B3D3-8C335B71C720}.AppStore|Any CPU.ActiveCfg = Release|Any CPU
		{0CF76513-DAC6-482B-B3D3-8C335B71C720}.AppStore|Any CPU.Build.0 = Release|Any CPU
		{0CF76513-DAC6-482B-B3D3-8C335B71C720}.AppStore|ARM.ActiveCfg = Debug|Any CPU
		{0CF76513-DAC6-482B-B3D3-8C335B71C720}.AppStore|ARM.Build.0 = Debug|Any CPU
		{0CF76513-DAC6-482B-B3D3-8C335B71C720}.AppStore|iPhone.ActiveCfg = Release|Any CPU
		{0CF76513-DAC6-482B-B3D3-8C335B71C720}.AppStore|iPhone.Build.0 = Release|Any CPU
		{0CF76513-DAC6-482B-B3D3-8C335B71C720}.AppStore|iPhoneSimulator.ActiveCfg = Release|Any CPU
		{0CF76513-DAC6-482B-B3D3-8C335B71C720}.AppStore|iPhoneSimulator.Build.0 = Release|Any CPU
		{0CF76513-DAC6-482B-B3D3-8C335B71C720}.AppStore|x64.ActiveCfg = Debug|Any CPU
		{0CF76513-DAC6-482B-B3D3-8C335B71C720}.AppStore|x64.Build.0 = Debug|Any CPU
		{0CF76513-DAC6-482B-B3D3-8C335B71C720}.AppStore|x86.ActiveCfg = Debug|Any CPU
		{0CF76513-DAC6-482B-B3D3-8C335B71C720}.AppStore|x86.Build.0 = Debug|Any CPU
		{0CF76513-DAC6-482B-B3D3-8C335B71C720}.Debug|Any CPU.ActiveCfg = Debug|Any CPU
		{0CF76513-DAC6-482B-B3D3-8C335B71C720}.Debug|Any CPU.Build.0 = Debug|Any CPU
		{0CF76513-DAC6-482B-B3D3-8C335B71C720}.Debug|ARM.ActiveCfg = Debug|Any CPU
		{0CF76513-DAC6-482B-B3D3-8C335B71C720}.Debug|ARM.Build.0 = Debug|Any CPU
		{0CF76513-DAC6-482B-B3D3-8C335B71C720}.Debug|iPhone.ActiveCfg = Debug|Any CPU
		{0CF76513-DAC6-482B-B3D3-8C335B71C720}.Debug|iPhone.Build.0 = Debug|Any CPU
		{0CF76513-DAC6-482B-B3D3-8C335B71C720}.Debug|iPhoneSimulator.ActiveCfg = Debug|Any CPU
		{0CF76513-DAC6-482B-B3D3-8C335B71C720}.Debug|iPhoneSimulator.Build.0 = Debug|Any CPU
		{0CF76513-DAC6-482B-B3D3-8C335B71C720}.Debug|x64.ActiveCfg = Debug|Any CPU
		{0CF76513-DAC6-482B-B3D3-8C335B71C720}.Debug|x64.Build.0 = Debug|Any CPU
		{0CF76513-DAC6-482B-B3D3-8C335B71C720}.Debug|x86.ActiveCfg = Debug|Any CPU
		{0CF76513-DAC6-482B-B3D3-8C335B71C720}.Debug|x86.Build.0 = Debug|Any CPU
		{0CF76513-DAC6-482B-B3D3-8C335B71C720}.Release|Any CPU.ActiveCfg = Release|Any CPU
		{0CF76513-DAC6-482B-B3D3-8C335B71C720}.Release|Any CPU.Build.0 = Release|Any CPU
		{0CF76513-DAC6-482B-B3D3-8C335B71C720}.Release|ARM.ActiveCfg = Release|Any CPU
		{0CF76513-DAC6-482B-B3D3-8C335B71C720}.Release|ARM.Build.0 = Release|Any CPU
		{0CF76513-DAC6-482B-B3D3-8C335B71C720}.Release|iPhone.ActiveCfg = Release|Any CPU
		{0CF76513-DAC6-482B-B3D3-8C335B71C720}.Release|iPhone.Build.0 = Release|Any CPU
		{0CF76513-DAC6-482B-B3D3-8C335B71C720}.Release|iPhoneSimulator.ActiveCfg = Release|Any CPU
		{0CF76513-DAC6-482B-B3D3-8C335B71C720}.Release|iPhoneSimulator.Build.0 = Release|Any CPU
		{0CF76513-DAC6-482B-B3D3-8C335B71C720}.Release|x64.ActiveCfg = Release|Any CPU
		{0CF76513-DAC6-482B-B3D3-8C335B71C720}.Release|x64.Build.0 = Release|Any CPU
		{0CF76513-DAC6-482B-B3D3-8C335B71C720}.Release|x86.ActiveCfg = Release|Any CPU
		{0CF76513-DAC6-482B-B3D3-8C335B71C720}.Release|x86.Build.0 = Release|Any CPU
		{F00142C9-73A8-466A-9298-7630128E9476}.Ad-Hoc|Any CPU.ActiveCfg = Release|Any CPU
		{F00142C9-73A8-466A-9298-7630128E9476}.Ad-Hoc|Any CPU.Build.0 = Release|Any CPU
		{F00142C9-73A8-466A-9298-7630128E9476}.Ad-Hoc|ARM.ActiveCfg = Debug|Any CPU
		{F00142C9-73A8-466A-9298-7630128E9476}.Ad-Hoc|ARM.Build.0 = Debug|Any CPU
		{F00142C9-73A8-466A-9298-7630128E9476}.Ad-Hoc|iPhone.ActiveCfg = Release|Any CPU
		{F00142C9-73A8-466A-9298-7630128E9476}.Ad-Hoc|iPhone.Build.0 = Release|Any CPU
		{F00142C9-73A8-466A-9298-7630128E9476}.Ad-Hoc|iPhoneSimulator.ActiveCfg = Release|Any CPU
		{F00142C9-73A8-466A-9298-7630128E9476}.Ad-Hoc|iPhoneSimulator.Build.0 = Release|Any CPU
		{F00142C9-73A8-466A-9298-7630128E9476}.Ad-Hoc|x64.ActiveCfg = Debug|Any CPU
		{F00142C9-73A8-466A-9298-7630128E9476}.Ad-Hoc|x64.Build.0 = Debug|Any CPU
		{F00142C9-73A8-466A-9298-7630128E9476}.Ad-Hoc|x86.ActiveCfg = Debug|Any CPU
		{F00142C9-73A8-466A-9298-7630128E9476}.Ad-Hoc|x86.Build.0 = Debug|Any CPU
		{F00142C9-73A8-466A-9298-7630128E9476}.AppStore|Any CPU.ActiveCfg = Release|Any CPU
		{F00142C9-73A8-466A-9298-7630128E9476}.AppStore|Any CPU.Build.0 = Release|Any CPU
		{F00142C9-73A8-466A-9298-7630128E9476}.AppStore|ARM.ActiveCfg = Debug|Any CPU
		{F00142C9-73A8-466A-9298-7630128E9476}.AppStore|ARM.Build.0 = Debug|Any CPU
		{F00142C9-73A8-466A-9298-7630128E9476}.AppStore|iPhone.ActiveCfg = Release|Any CPU
		{F00142C9-73A8-466A-9298-7630128E9476}.AppStore|iPhone.Build.0 = Release|Any CPU
		{F00142C9-73A8-466A-9298-7630128E9476}.AppStore|iPhoneSimulator.ActiveCfg = Release|Any CPU
		{F00142C9-73A8-466A-9298-7630128E9476}.AppStore|iPhoneSimulator.Build.0 = Release|Any CPU
		{F00142C9-73A8-466A-9298-7630128E9476}.AppStore|x64.ActiveCfg = Debug|Any CPU
		{F00142C9-73A8-466A-9298-7630128E9476}.AppStore|x64.Build.0 = Debug|Any CPU
		{F00142C9-73A8-466A-9298-7630128E9476}.AppStore|x86.ActiveCfg = Debug|Any CPU
		{F00142C9-73A8-466A-9298-7630128E9476}.AppStore|x86.Build.0 = Debug|Any CPU
		{F00142C9-73A8-466A-9298-7630128E9476}.Debug|Any CPU.ActiveCfg = Debug|Any CPU
		{F00142C9-73A8-466A-9298-7630128E9476}.Debug|Any CPU.Build.0 = Debug|Any CPU
		{F00142C9-73A8-466A-9298-7630128E9476}.Debug|ARM.ActiveCfg = Debug|Any CPU
		{F00142C9-73A8-466A-9298-7630128E9476}.Debug|ARM.Build.0 = Debug|Any CPU
		{F00142C9-73A8-466A-9298-7630128E9476}.Debug|iPhone.ActiveCfg = Debug|Any CPU
		{F00142C9-73A8-466A-9298-7630128E9476}.Debug|iPhone.Build.0 = Debug|Any CPU
		{F00142C9-73A8-466A-9298-7630128E9476}.Debug|iPhoneSimulator.ActiveCfg = Debug|Any CPU
		{F00142C9-73A8-466A-9298-7630128E9476}.Debug|iPhoneSimulator.Build.0 = Debug|Any CPU
		{F00142C9-73A8-466A-9298-7630128E9476}.Debug|x64.ActiveCfg = Debug|Any CPU
		{F00142C9-73A8-466A-9298-7630128E9476}.Debug|x64.Build.0 = Debug|Any CPU
		{F00142C9-73A8-466A-9298-7630128E9476}.Debug|x86.ActiveCfg = Debug|Any CPU
		{F00142C9-73A8-466A-9298-7630128E9476}.Debug|x86.Build.0 = Debug|Any CPU
		{F00142C9-73A8-466A-9298-7630128E9476}.Release|Any CPU.ActiveCfg = Release|Any CPU
		{F00142C9-73A8-466A-9298-7630128E9476}.Release|ARM.ActiveCfg = Release|Any CPU
		{F00142C9-73A8-466A-9298-7630128E9476}.Release|ARM.Build.0 = Release|Any CPU
		{F00142C9-73A8-466A-9298-7630128E9476}.Release|iPhone.ActiveCfg = Release|Any CPU
		{F00142C9-73A8-466A-9298-7630128E9476}.Release|iPhone.Build.0 = Release|Any CPU
		{F00142C9-73A8-466A-9298-7630128E9476}.Release|iPhoneSimulator.ActiveCfg = Release|Any CPU
		{F00142C9-73A8-466A-9298-7630128E9476}.Release|iPhoneSimulator.Build.0 = Release|Any CPU
		{F00142C9-73A8-466A-9298-7630128E9476}.Release|x64.ActiveCfg = Release|Any CPU
		{F00142C9-73A8-466A-9298-7630128E9476}.Release|x64.Build.0 = Release|Any CPU
		{F00142C9-73A8-466A-9298-7630128E9476}.Release|x86.ActiveCfg = Release|Any CPU
		{F00142C9-73A8-466A-9298-7630128E9476}.Release|x86.Build.0 = Release|Any CPU
	EndGlobalSection
	GlobalSection(SolutionProperties) = preSolution
		HideSolutionNode = FALSE
	EndGlobalSection
	GlobalSection(ExtensibilityGlobals) = postSolution
		SolutionGuid = {82E248EA-A740-4E4A-8E11-F6AF197292E2}
	EndGlobalSection
EndGlobal
